
Microsoft Visual Studio Solution File, Format Version 12.00
# Visual Studio Version 17
VisualStudioVersion = 17.5.33502.453
MinimumVisualStudioVersion = 10.0.40219.1
Project("{FAE04EC0-301F-11D3-BF4B-00C04F79EFBC}") = "SalesTrack.Android", "SalesTrack.Android\SalesTrack.Android.csproj", "{2B10FB65-7AB9-4B89-AB8C-B9FA94F72BBE}"
EndProject
Project("{FAE04EC0-301F-11D3-BF4B-00C04F79EFBC}") = "SalesTrack", "SalesTrack\SalesTrack.csproj", "{274DD526-D687-428D-A587-05008DCADB98}"
EndProject
Global
	GlobalSection(SolutionConfigurationPlatforms) = preSolution
		Debug|Any CPU = Debug|Any CPU
		Release|Any CPU = Release|Any CPU
	EndGlobalSection
	GlobalSection(ProjectConfigurationPlatforms) = postSolution
		{2B10FB65-7AB9-4B89-AB8C-B9FA94F72BBE}.Debug|Any CPU.ActiveCfg = Debug|Any CPU
		{2B10FB65-7AB9-4B89-AB8C-B9FA94F72BBE}.Debug|Any CPU.Build.0 = Debug|Any CPU
		{2B10FB65-7AB9-4B89-AB8C-B9FA94F72BBE}.Debug|Any CPU.Deploy.0 = Debug|Any CPU
		{2B10FB65-7AB9-4B89-AB8C-B9FA94F72BBE}.Release|Any CPU.ActiveCfg = Release|Any CPU
		{2B10FB65-7AB9-4B89-AB8C-B9FA94F72BBE}.Release|Any CPU.Build.0 = Release|Any CPU
		{2B10FB65-7AB9-4B89-AB8C-B9FA94F72BBE}.Release|Any CPU.Deploy.0 = Release|Any CPU
		{274DD526-D687-428D-A587-05008DCADB98}.Debug|Any CPU.ActiveCfg = Debug|Any CPU
		{274DD526-D687-428D-A587-05008DCADB98}.Debug|Any CPU.Build.0 = Debug|Any CPU
		{274DD526-D687-428D-A587-05008DCADB98}.Debug|Any CPU.Deploy.0 = Debug|Any CPU
		{274DD526-D687-428D-A587-05008DCADB98}.Release|Any CPU.ActiveCfg = Release|Any CPU
		{274DD526-D687-428D-A587-05008DCADB98}.Release|Any CPU.Build.0 = Release|Any CPU
		{274DD526-D687-428D-A587-05008DCADB98}.Release|Any CPU.Deploy.0 = Release|Any CPU
	EndGlobalSection
	GlobalSection(SolutionProperties) = preSolution
		HideSolutionNode = FALSE
	EndGlobalSection
	GlobalSection(ExtensibilityGlobals) = postSolution
		SolutionGuid = {3511FED4-11DD-4BF5-9224-5F8211F956EA}
	EndGlobalSection
EndGlobal
